// !$*UTF8*$!
{
	archiveVersion = 1;
	classes = {
	};
	objectVersion = 46;
	objects = {

/* Begin PBXBuildFile section */
		22D23AEC1E7B267D0079D784 /* DataModel.swift in Sources */ = {isa = PBXBuildFile; fileRef = 22D23AEB1E7B267D0079D784 /* DataModel.swift */; };
		22DAD1E61E7B145C00A16FF7 /* AppDelegate.swift in Sources */ = {isa = PBXBuildFile; fileRef = 22DAD1E51E7B145C00A16FF7 /* AppDelegate.swift */; };
		22DAD1E81E7B145C00A16FF7 /* ViewController.swift in Sources */ = {isa = PBXBuildFile; fileRef = 22DAD1E71E7B145C00A16FF7 /* ViewController.swift */; };
		22DAD1EB1E7B145C00A16FF7 /* Main.storyboard in Resources */ = {isa = PBXBuildFile; fileRef = 22DAD1E91E7B145C00A16FF7 /* Main.storyboard */; };
		22DAD1EE1E7B145C00A16FF7 /* Weather.xcdatamodeld in Sources */ = {isa = PBXBuildFile; fileRef = 22DAD1EC1E7B145C00A16FF7 /* Weather.xcdatamodeld */; };
		22DAD1F01E7B145C00A16FF7 /* Assets.xcassets in Resources */ = {isa = PBXBuildFile; fileRef = 22DAD1EF1E7B145C00A16FF7 /* Assets.xcassets */; };
		22DAD1F31E7B145C00A16FF7 /* LaunchScreen.storyboard in Resources */ = {isa = PBXBuildFile; fileRef = 22DAD1F11E7B145C00A16FF7 /* LaunchScreen.storyboard */; };
		22DAD1FE1E7B145C00A16FF7 /* WeatherTests.swift in Sources */ = {isa = PBXBuildFile; fileRef = 22DAD1FD1E7B145C00A16FF7 /* WeatherTests.swift */; };
		22DAD2091E7B145C00A16FF7 /* WeatherUITests.swift in Sources */ = {isa = PBXBuildFile; fileRef = 22DAD2081E7B145C00A16FF7 /* WeatherUITests.swift */; };
		90ED6307916ED5129BAB5AA2 /* Pods_WeatherUITests.framework in Frameworks */ = {isa = PBXBuildFile; fileRef = EFD26F81AD67818C45558A6D /* Pods_WeatherUITests.framework */; };
		C4BEDDFDCB12CE9D82A9A1F0 /* Pods_WeatherTests.framework in Frameworks */ = {isa = PBXBuildFile; fileRef = 1CE7E4F8B406A497269CC176 /* Pods_WeatherTests.framework */; };
		D1B18F219A26AB45F552ADAC /* Pods_Weather.framework in Frameworks */ = {isa = PBXBuildFile; fileRef = CE8101BBEA7DA44E836BC847 /* Pods_Weather.framework */; };
/* End PBXBuildFile section */

/* Begin PBXContainerItemProxy section */
		22DAD1FA1E7B145C00A16FF7 /* PBXContainerItemProxy */ = {
			isa = PBXContainerItemProxy;
			containerPortal = 22DAD1DA1E7B145C00A16FF7 /* Project object */;
			proxyType = 1;
			remoteGlobalIDString = 22DAD1E11E7B145C00A16FF7;
			remoteInfo = Weather;
		};
		22DAD2051E7B145C00A16FF7 /* PBXContainerItemProxy */ = {
			isa = PBXContainerItemProxy;
			containerPortal = 22DAD1DA1E7B145C00A16FF7 /* Project object */;
			proxyType = 1;
			remoteGlobalIDString = 22DAD1E11E7B145C00A16FF7;
			remoteInfo = Weather;
		};
/* End PBXContainerItemProxy section */

/* Begin PBXFileReference section */
		0E5DB1AA6D77B9414F0C7ED5 /* Pods-WeatherTests.release.xcconfig */ = {isa = PBXFileReference; includeInIndex = 1; lastKnownFileType = text.xcconfig; name = "Pods-WeatherTests.release.xcconfig"; path = "Pods/Target Support Files/Pods-WeatherTests/Pods-WeatherTests.release.xcconfig"; sourceTree = "<group>"; };
		1CE7E4F8B406A497269CC176 /* Pods_WeatherTests.framework */ = {isa = PBXFileReference; explicitFileType = wrapper.framework; includeInIndex = 0; path = Pods_WeatherTests.framework; sourceTree = BUILT_PRODUCTS_DIR; };
		22D23AEB1E7B267D0079D784 /* DataModel.swift */ = {isa = PBXFileReference; fileEncoding = 4; lastKnownFileType = sourcecode.swift; path = DataModel.swift; sourceTree = "<group>"; };
		22DAD1E21E7B145C00A16FF7 /* Weather.app */ = {isa = PBXFileReference; explicitFileType = wrapper.application; includeInIndex = 0; path = Weather.app; sourceTree = BUILT_PRODUCTS_DIR; };
		22DAD1E51E7B145C00A16FF7 /* AppDelegate.swift */ = {isa = PBXFileReference; lastKnownFileType = sourcecode.swift; path = AppDelegate.swift; sourceTree = "<group>"; };
		22DAD1E71E7B145C00A16FF7 /* ViewController.swift */ = {isa = PBXFileReference; lastKnownFileType = sourcecode.swift; path = ViewController.swift; sourceTree = "<group>"; };
		22DAD1EA1E7B145C00A16FF7 /* Base */ = {isa = PBXFileReference; lastKnownFileType = file.storyboard; name = Base; path = Base.lproj/Main.storyboard; sourceTree = "<group>"; };
		22DAD1ED1E7B145C00A16FF7 /* Weather.xcdatamodel */ = {isa = PBXFileReference; lastKnownFileType = wrapper.xcdatamodel; path = Weather.xcdatamodel; sourceTree = "<group>"; };
		22DAD1EF1E7B145C00A16FF7 /* Assets.xcassets */ = {isa = PBXFileReference; lastKnownFileType = folder.assetcatalog; path = Assets.xcassets; sourceTree = "<group>"; };
		22DAD1F21E7B145C00A16FF7 /* Base */ = {isa = PBXFileReference; lastKnownFileType = file.storyboard; name = Base; path = Base.lproj/LaunchScreen.storyboard; sourceTree = "<group>"; };
		22DAD1F41E7B145C00A16FF7 /* Info.plist */ = {isa = PBXFileReference; lastKnownFileType = text.plist.xml; path = Info.plist; sourceTree = "<group>"; };
		22DAD1F91E7B145C00A16FF7 /* WeatherTests.xctest */ = {isa = PBXFileReference; explicitFileType = wrapper.cfbundle; includeInIndex = 0; path = WeatherTests.xctest; sourceTree = BUILT_PRODUCTS_DIR; };
		22DAD1FD1E7B145C00A16FF7 /* WeatherTests.swift */ = {isa = PBXFileReference; lastKnownFileType = sourcecode.swift; path = WeatherTests.swift; sourceTree = "<group>"; };
		22DAD1FF1E7B145C00A16FF7 /* Info.plist */ = {isa = PBXFileReference; lastKnownFileType = text.plist.xml; path = Info.plist; sourceTree = "<group>"; };
		22DAD2041E7B145C00A16FF7 /* WeatherUITests.xctest */ = {isa = PBXFileReference; explicitFileType = wrapper.cfbundle; includeInIndex = 0; path = WeatherUITests.xctest; sourceTree = BUILT_PRODUCTS_DIR; };
		22DAD2081E7B145C00A16FF7 /* WeatherUITests.swift */ = {isa = PBXFileReference; lastKnownFileType = sourcecode.swift; path = WeatherUITests.swift; sourceTree = "<group>"; };
		22DAD20A1E7B145C00A16FF7 /* Info.plist */ = {isa = PBXFileReference; lastKnownFileType = text.plist.xml; path = Info.plist; sourceTree = "<group>"; };
		2E9DE10585341BBFD09DC1BF /* Pods-WeatherTests.debug.xcconfig */ = {isa = PBXFileReference; includeInIndex = 1; lastKnownFileType = text.xcconfig; name = "Pods-WeatherTests.debug.xcconfig"; path = "Pods/Target Support Files/Pods-WeatherTests/Pods-WeatherTests.debug.xcconfig"; sourceTree = "<group>"; };
		504FECB18839766E6EE2CE88 /* Pods-WeatherUITests.debug.xcconfig */ = {isa = PBXFileReference; includeInIndex = 1; lastKnownFileType = text.xcconfig; name = "Pods-WeatherUITests.debug.xcconfig"; path = "Pods/Target Support Files/Pods-WeatherUITests/Pods-WeatherUITests.debug.xcconfig"; sourceTree = "<group>"; };
		67AA88F8B9034A2E005D8144 /* Pods-WeatherUITests.release.xcconfig */ = {isa = PBXFileReference; includeInIndex = 1; lastKnownFileType = text.xcconfig; name = "Pods-WeatherUITests.release.xcconfig"; path = "Pods/Target Support Files/Pods-WeatherUITests/Pods-WeatherUITests.release.xcconfig"; sourceTree = "<group>"; };
		6A3CC7F4B9BDD7037B5926FF /* Pods-Weather.debug.xcconfig */ = {isa = PBXFileReference; includeInIndex = 1; lastKnownFileType = text.xcconfig; name = "Pods-Weather.debug.xcconfig"; path = "Pods/Target Support Files/Pods-Weather/Pods-Weather.debug.xcconfig"; sourceTree = "<group>"; };
		7CEFC89A05BF92A1DBA98AD6 /* Pods-Weather.release.xcconfig */ = {isa = PBXFileReference; includeInIndex = 1; lastKnownFileType = text.xcconfig; name = "Pods-Weather.release.xcconfig"; path = "Pods/Target Support Files/Pods-Weather/Pods-Weather.release.xcconfig"; sourceTree = "<group>"; };
		CE8101BBEA7DA44E836BC847 /* Pods_Weather.framework */ = {isa = PBXFileReference; explicitFileType = wrapper.framework; includeInIndex = 0; path = Pods_Weather.framework; sourceTree = BUILT_PRODUCTS_DIR; };
		EFD26F81AD67818C45558A6D /* Pods_WeatherUITests.framework */ = {isa = PBXFileReference; explicitFileType = wrapper.framework; includeInIndex = 0; path = Pods_WeatherUITests.framework; sourceTree = BUILT_PRODUCTS_DIR; };
/* End PBXFileReference section */

/* Begin PBXFrameworksBuildPhase section */
		22DAD1DF1E7B145C00A16FF7 /* Frameworks */ = {
			isa = PBXFrameworksBuildPhase;
			buildActionMask = 2147483647;
			files = (
				D1B18F219A26AB45F552ADAC /* Pods_Weather.framework in Frameworks */,
			);
			runOnlyForDeploymentPostprocessing = 0;
		};
		22DAD1F61E7B145C00A16FF7 /* Frameworks */ = {
			isa = PBXFrameworksBuildPhase;
			buildActionMask = 2147483647;
			files = (
				C4BEDDFDCB12CE9D82A9A1F0 /* Pods_WeatherTests.framework in Frameworks */,
			);
			runOnlyForDeploymentPostprocessing = 0;
		};
		22DAD2011E7B145C00A16FF7 /* Frameworks */ = {
			isa = PBXFrameworksBuildPhase;
			buildActionMask = 2147483647;
			files = (
				90ED6307916ED5129BAB5AA2 /* Pods_WeatherUITests.framework in Frameworks */,
			);
			runOnlyForDeploymentPostprocessing = 0;
		};
/* End PBXFrameworksBuildPhase section */

/* Begin PBXGroup section */
		22DAD1D91E7B145C00A16FF7 = {
			isa = PBXGroup;
			children = (
				22DAD1E41E7B145C00A16FF7 /* Weather */,
				22DAD1FC1E7B145C00A16FF7 /* WeatherTests */,
				22DAD2071E7B145C00A16FF7 /* WeatherUITests */,
				22DAD1E31E7B145C00A16FF7 /* Products */,
				C66D5D2D1988ADAB609B2EA9 /* Pods */,
				CEA1DD7C0FB785C94233471F /* Frameworks */,
			);
			sourceTree = "<group>";
		};
		22DAD1E31E7B145C00A16FF7 /* Products */ = {
			isa = PBXGroup;
			children = (
				22DAD1E21E7B145C00A16FF7 /* Weather.app */,
				22DAD1F91E7B145C00A16FF7 /* WeatherTests.xctest */,
				22DAD2041E7B145C00A16FF7 /* WeatherUITests.xctest */,
			);
			name = Products;
			sourceTree = "<group>";
		};
		22DAD1E41E7B145C00A16FF7 /* Weather */ = {
			isa = PBXGroup;
			children = (
				22DAD1E51E7B145C00A16FF7 /* AppDelegate.swift */,
				22DAD1E71E7B145C00A16FF7 /* ViewController.swift */,
				22DAD1E91E7B145C00A16FF7 /* Main.storyboard */,
				22DAD1EF1E7B145C00A16FF7 /* Assets.xcassets */,
				22DAD1F11E7B145C00A16FF7 /* LaunchScreen.storyboard */,
				22DAD1F41E7B145C00A16FF7 /* Info.plist */,
				22DAD1EC1E7B145C00A16FF7 /* Weather.xcdatamodeld */,
				22D23AEB1E7B267D0079D784 /* DataModel.swift */,
			);
			path = Weather;
			sourceTree = "<group>";
		};
		22DAD1FC1E7B145C00A16FF7 /* WeatherTests */ = {
			isa = PBXGroup;
			children = (
				22DAD1FD1E7B145C00A16FF7 /* WeatherTests.swift */,
				22DAD1FF1E7B145C00A16FF7 /* Info.plist */,
			);
			path = WeatherTests;
			sourceTree = "<group>";
		};
		22DAD2071E7B145C00A16FF7 /* WeatherUITests */ = {
			isa = PBXGroup;
			children = (
				22DAD2081E7B145C00A16FF7 /* WeatherUITests.swift */,
				22DAD20A1E7B145C00A16FF7 /* Info.plist */,
			);
			path = WeatherUITests;
			sourceTree = "<group>";
		};
		C66D5D2D1988ADAB609B2EA9 /* Pods */ = {
			isa = PBXGroup;
			children = (
				6A3CC7F4B9BDD7037B5926FF /* Pods-Weather.debug.xcconfig */,
				7CEFC89A05BF92A1DBA98AD6 /* Pods-Weather.release.xcconfig */,
				2E9DE10585341BBFD09DC1BF /* Pods-WeatherTests.debug.xcconfig */,
				0E5DB1AA6D77B9414F0C7ED5 /* Pods-WeatherTests.release.xcconfig */,
				504FECB18839766E6EE2CE88 /* Pods-WeatherUITests.debug.xcconfig */,
				67AA88F8B9034A2E005D8144 /* Pods-WeatherUITests.release.xcconfig */,
			);
			name = Pods;
			sourceTree = "<group>";
		};
		CEA1DD7C0FB785C94233471F /* Frameworks */ = {
			isa = PBXGroup;
			children = (
				CE8101BBEA7DA44E836BC847 /* Pods_Weather.framework */,
				1CE7E4F8B406A497269CC176 /* Pods_WeatherTests.framework */,
				EFD26F81AD67818C45558A6D /* Pods_WeatherUITests.framework */,
			);
			name = Frameworks;
			sourceTree = "<group>";
		};
/* End PBXGroup section */

/* Begin PBXNativeTarget section */
		22DAD1E11E7B145C00A16FF7 /* Weather */ = {
			isa = PBXNativeTarget;
			buildConfigurationList = 22DAD20D1E7B145C00A16FF7 /* Build configuration list for PBXNativeTarget "Weather" */;
			buildPhases = (
				526F117FAA9C456E28C9A27B /* [CP] Check Pods Manifest.lock */,
				22DAD1DE1E7B145C00A16FF7 /* Sources */,
				22DAD1DF1E7B145C00A16FF7 /* Frameworks */,
				22DAD1E01E7B145C00A16FF7 /* Resources */,
				D92AA6537E0AECCF61F03320 /* [CP] Embed Pods Frameworks */,
				66AA6F3088DD2B34A0E4AE13 /* [CP] Copy Pods Resources */,
			);
			buildRules = (
			);
			dependencies = (
			);
			name = Weather;
			productName = Weather;
			productReference = 22DAD1E21E7B145C00A16FF7 /* Weather.app */;
			productType = "com.apple.product-type.application";
		};
		22DAD1F81E7B145C00A16FF7 /* WeatherTests */ = {
			isa = PBXNativeTarget;
			buildConfigurationList = 22DAD2101E7B145C00A16FF7 /* Build configuration list for PBXNativeTarget "WeatherTests" */;
			buildPhases = (
				4F005DFF5F6E158E11398C3F /* [CP] Check Pods Manifest.lock */,
				22DAD1F51E7B145C00A16FF7 /* Sources */,
				22DAD1F61E7B145C00A16FF7 /* Frameworks */,
				22DAD1F71E7B145C00A16FF7 /* Resources */,
				50912E4E7EF7156E10CEC315 /* [CP] Embed Pods Frameworks */,
				2136D511622D213361CE4463 /* [CP] Copy Pods Resources */,
			);
			buildRules = (
			);
			dependencies = (
				22DAD1FB1E7B145C00A16FF7 /* PBXTargetDependency */,
			);
			name = WeatherTests;
			productName = WeatherTests;
			productReference = 22DAD1F91E7B145C00A16FF7 /* WeatherTests.xctest */;
			productType = "com.apple.product-type.bundle.unit-test";
		};
		22DAD2031E7B145C00A16FF7 /* WeatherUITests */ = {
			isa = PBXNativeTarget;
			buildConfigurationList = 22DAD2131E7B145C00A16FF7 /* Build configuration list for PBXNativeTarget "WeatherUITests" */;
			buildPhases = (
				BEAFF2A5408FCE9B06A4A74C /* [CP] Check Pods Manifest.lock */,
				22DAD2001E7B145C00A16FF7 /* Sources */,
				22DAD2011E7B145C00A16FF7 /* Frameworks */,
				22DAD2021E7B145C00A16FF7 /* Resources */,
				7070A59CAFEAF45F47487C89 /* [CP] Embed Pods Frameworks */,
				4372DCA45FC1C842E65BF566 /* [CP] Copy Pods Resources */,
			);
			buildRules = (
			);
			dependencies = (
				22DAD2061E7B145C00A16FF7 /* PBXTargetDependency */,
			);
			name = WeatherUITests;
			productName = WeatherUITests;
			productReference = 22DAD2041E7B145C00A16FF7 /* WeatherUITests.xctest */;
			productType = "com.apple.product-type.bundle.ui-testing";
		};
/* End PBXNativeTarget section */

/* Begin PBXProject section */
		22DAD1DA1E7B145C00A16FF7 /* Project object */ = {
			isa = PBXProject;
			attributes = {
				LastSwiftUpdateCheck = 0820;
				LastUpgradeCheck = 0820;
				ORGANIZATIONNAME = "Kryg Tomek";
				TargetAttributes = {
					22DAD1E11E7B145C00A16FF7 = {
						CreatedOnToolsVersion = 8.2.1;
						DevelopmentTeam = 3FMVQ97S47;
						ProvisioningStyle = Automatic;
					};
					22DAD1F81E7B145C00A16FF7 = {
						CreatedOnToolsVersion = 8.2.1;
						DevelopmentTeam = 3FMVQ97S47;
						ProvisioningStyle = Automatic;
						TestTargetID = 22DAD1E11E7B145C00A16FF7;
					};
					22DAD2031E7B145C00A16FF7 = {
						CreatedOnToolsVersion = 8.2.1;
						DevelopmentTeam = 3FMVQ97S47;
						ProvisioningStyle = Automatic;
						TestTargetID = 22DAD1E11E7B145C00A16FF7;
					};
				};
			};
			buildConfigurationList = 22DAD1DD1E7B145C00A16FF7 /* Build configuration list for PBXProject "Weather" */;
			compatibilityVersion = "Xcode 3.2";
			developmentRegion = English;
			hasScannedForEncodings = 0;
			knownRegions = (
				en,
				Base,
			);
			mainGroup = 22DAD1D91E7B145C00A16FF7;
			productRefGroup = 22DAD1E31E7B145C00A16FF7 /* Products */;
			projectDirPath = "";
			projectRoot = "";
			targets = (
				22DAD1E11E7B145C00A16FF7 /* Weather */,
				22DAD1F81E7B145C00A16FF7 /* WeatherTests */,
				22DAD2031E7B145C00A16FF7 /* WeatherUITests */,
			);
		};
/* End PBXProject section */

/* Begin PBXResourcesBuildPhase section */
		22DAD1E01E7B145C00A16FF7 /* Resources */ = {
			isa = PBXResourcesBuildPhase;
			buildActionMask = 2147483647;
			files = (
				22DAD1F31E7B145C00A16FF7 /* LaunchScreen.storyboard in Resources */,
				22DAD1F01E7B145C00A16FF7 /* Assets.xcassets in Resources */,
				22DAD1EB1E7B145C00A16FF7 /* Main.storyboard in Resources */,
			);
			runOnlyForDeploymentPostprocessing = 0;
		};
		22DAD1F71E7B145C00A16FF7 /* Resources */ = {
			isa = PBXResourcesBuildPhase;
			buildActionMask = 2147483647;
			files = (
			);
			runOnlyForDeploymentPostprocessing = 0;
		};
		22DAD2021E7B145C00A16FF7 /* Resources */ = {
			isa = PBXResourcesBuildPhase;
			buildActionMask = 2147483647;
			files = (
			);
			runOnlyForDeploymentPostprocessing = 0;
		};
/* End PBXResourcesBuildPhase section */

/* Begin PBXShellScriptBuildPhase section */
		2136D511622D213361CE4463 /* [CP] Copy Pods Resources */ = {
			isa = PBXShellScriptBuildPhase;
			buildActionMask = 2147483647;
			files = (
			);
			inputPaths = (
			);
			name = "[CP] Copy Pods Resources";
			outputPaths = (
			);
			runOnlyForDeploymentPostprocessing = 0;
			shellPath = /bin/sh;
			shellScript = "\"${SRCROOT}/Pods/Target Support Files/Pods-WeatherTests/Pods-WeatherTests-resources.sh\"\n";
			showEnvVarsInLog = 0;
		};
		4372DCA45FC1C842E65BF566 /* [CP] Copy Pods Resources */ = {
			isa = PBXShellScriptBuildPhase;
			buildActionMask = 2147483647;
			files = (
			);
			inputPaths = (
			);
			name = "[CP] Copy Pods Resources";
			outputPaths = (
			);
			runOnlyForDeploymentPostprocessing = 0;
			shellPath = /bin/sh;
			shellScript = "\"${SRCROOT}/Pods/Target Support Files/Pods-WeatherUITests/Pods-WeatherUITests-resources.sh\"\n";
			showEnvVarsInLog = 0;
		};
		4F005DFF5F6E158E11398C3F /* [CP] Check Pods Manifest.lock */ = {
			isa = PBXShellScriptBuildPhase;
			buildActionMask = 2147483647;
			files = (
			);
			inputPaths = (
			);
			name = "[CP] Check Pods Manifest.lock";
			outputPaths = (
			);
			runOnlyForDeploymentPostprocessing = 0;
			shellPath = /bin/sh;
			shellScript = "diff \"${PODS_ROOT}/../Podfile.lock\" \"${PODS_ROOT}/Manifest.lock\" > /dev/null\nif [ $? != 0 ] ; then\n    # print error to STDERR\n    echo \"error: The sandbox is not in sync with the Podfile.lock. Run 'pod install' or update your CocoaPods installation.\" >&2\n    exit 1\nfi\n";
			showEnvVarsInLog = 0;
		};
		50912E4E7EF7156E10CEC315 /* [CP] Embed Pods Frameworks */ = {
			isa = PBXShellScriptBuildPhase;
			buildActionMask = 2147483647;
			files = (
			);
			inputPaths = (
			);
			name = "[CP] Embed Pods Frameworks";
			outputPaths = (
			);
			runOnlyForDeploymentPostprocessing = 0;
			shellPath = /bin/sh;
			shellScript = "\"${SRCROOT}/Pods/Target Support Files/Pods-WeatherTests/Pods-WeatherTests-frameworks.sh\"\n";
			showEnvVarsInLog = 0;
		};
		526F117FAA9C456E28C9A27B /* [CP] Check Pods Manifest.lock */ = {
			isa = PBXShellScriptBuildPhase;
			buildActionMask = 2147483647;
			files = (
			);
			inputPaths = (
			);
			name = "[CP] Check Pods Manifest.lock";
			outputPaths = (
			);
			runOnlyForDeploymentPostprocessing = 0;
			shellPath = /bin/sh;
			shellScript = "diff \"${PODS_ROOT}/../Podfile.lock\" \"${PODS_ROOT}/Manifest.lock\" > /dev/null\nif [ $? != 0 ] ; then\n    # print error to STDERR\n    echo \"error: The sandbox is not in sync with the Podfile.lock. Run 'pod install' or update your CocoaPods installation.\" >&2\n    exit 1\nfi\n";
			showEnvVarsInLog = 0;
		};
		66AA6F3088DD2B34A0E4AE13 /* [CP] Copy Pods Resources */ = {
			isa = PBXShellScriptBuildPhase;
			buildActionMask = 2147483647;
			files = (
			);
			inputPaths = (
			);
			name = "[CP] Copy Pods Resources";
			outputPaths = (
			);
			runOnlyForDeploymentPostprocessing = 0;
			shellPath = /bin/sh;
			shellScript = "\"${SRCROOT}/Pods/Target Support Files/Pods-Weather/Pods-Weather-resources.sh\"\n";
			showEnvVarsInLog = 0;
		};
		7070A59CAFEAF45F47487C89 /* [CP] Embed Pods Frameworks */ = {
			isa = PBXShellScriptBuildPhase;
			buildActionMask = 2147483647;
			files = (
			);
			inputPaths = (
			);
			name = "[CP] Embed Pods Frameworks";
			outputPaths = (
			);
			runOnlyForDeploymentPostprocessing = 0;
			shellPath = /bin/sh;
			shellScript = "\"${SRCROOT}/Pods/Target Support Files/Pods-WeatherUITests/Pods-WeatherUITests-frameworks.sh\"\n";
			showEnvVarsInLog = 0;
		};
		BEAFF2A5408FCE9B06A4A74C /* [CP] Check Pods Manifest.lock */ = {
			isa = PBXShellScriptBuildPhase;
			buildActionMask = 2147483647;
			files = (
			);
			inputPaths = (
			);
			name = "[CP] Check Pods Manifest.lock";
			outputPaths = (
			);
			runOnlyForDeploymentPostprocessing = 0;
			shellPath = /bin/sh;
			shellScript = "diff \"${PODS_ROOT}/../Podfile.lock\" \"${PODS_ROOT}/Manifest.lock\" > /dev/null\nif [ $? != 0 ] ; then\n    # print error to STDERR\n    echo \"error: The sandbox is not in sync with the Podfile.lock. Run 'pod install' or update your CocoaPods installation.\" >&2\n    exit 1\nfi\n";
			showEnvVarsInLog = 0;
		};
		D92AA6537E0AECCF61F03320 /* [CP] Embed Pods Frameworks */ = {
			isa = PBXShellScriptBuildPhase;
			buildActionMask = 2147483647;
			files = (
			);
			inputPaths = (
			);
			name = "[CP] Embed Pods Frameworks";
			outputPaths = (
			);
			runOnlyForDeploymentPostprocessing = 0;
			shellPath = /bin/sh;
			shellScript = "\"${SRCROOT}/Pods/Target Support Files/Pods-Weather/Pods-Weather-frameworks.sh\"\n";
			showEnvVarsInLog = 0;
		};
/* End PBXShellScriptBuildPhase section */

/* Begin PBXSourcesBuildPhase section */
		22DAD1DE1E7B145C00A16FF7 /* Sources */ = {
			isa = PBXSourcesBuildPhase;
			buildActionMask = 2147483647;
			files = (
				22DAD1EE1E7B145C00A16FF7 /* Weather.xcdatamodeld in Sources */,
				22D23AEC1E7B267D0079D784 /* DataModel.swift in Sources */,
				22DAD1E81E7B145C00A16FF7 /* ViewController.swift in Sources */,
				22DAD1E61E7B145C00A16FF7 /* AppDelegate.swift in Sources */,
			);
			runOnlyForDeploymentPostprocessing = 0;
		};
		22DAD1F51E7B145C00A16FF7 /* Sources */ = {
			isa = PBXSourcesBuildPhase;
			buildActionMask = 2147483647;
			files = (
				22DAD1FE1E7B145C00A16FF7 /* WeatherTests.swift in Sources */,
			);
			runOnlyForDeploymentPostprocessing = 0;
		};
		22DAD2001E7B145C00A16FF7 /* Sources */ = {
			isa = PBXSourcesBuildPhase;
			buildActionMask = 2147483647;
			files = (
				22DAD2091E7B145C00A16FF7 /* WeatherUITests.swift in Sources */,
			);
			runOnlyForDeploymentPostprocessing = 0;
		};
/* End PBXSourcesBuildPhase section */

/* Begin PBXTargetDependency section */
		22DAD1FB1E7B145C00A16FF7 /* PBXTargetDependency */ = {
			isa = PBXTargetDependency;
			target = 22DAD1E11E7B145C00A16FF7 /* Weather */;
			targetProxy = 22DAD1FA1E7B145C00A16FF7 /* PBXContainerItemProxy */;
		};
		22DAD2061E7B145C00A16FF7 /* PBXTargetDependency */ = {
			isa = PBXTargetDependency;
			target = 22DAD1E11E7B145C00A16FF7 /* Weather */;
			targetProxy = 22DAD2051E7B145C00A16FF7 /* PBXContainerItemProxy */;
		};
/* End PBXTargetDependency section */

/* Begin PBXVariantGroup section */
		22DAD1E91E7B145C00A16FF7 /* Main.storyboard */ = {
			isa = PBXVariantGroup;
			children = (
				22DAD1EA1E7B145C00A16FF7 /* Base */,
			);
			name = Main.storyboard;
			sourceTree = "<group>";
		};
		22DAD1F11E7B145C00A16FF7 /* LaunchScreen.storyboard */ = {
			isa = PBXVariantGroup;
			children = (
				22DAD1F21E7B145C00A16FF7 /* Base */,
			);
			name = LaunchScreen.storyboard;
			sourceTree = "<group>";
		};
/* End PBXVariantGroup section */

/* Begin XCBuildConfiguration section */
		22DAD20B1E7B145C00A16FF7 /* Debug */ = {
			isa = XCBuildConfiguration;
			buildSettings = {
				ALWAYS_SEARCH_USER_PATHS = NO;
				CLANG_ANALYZER_NONNULL = YES;
				CLANG_CXX_LANGUAGE_STANDARD = "gnu++0x";
				CLANG_CXX_LIBRARY = "libc++";
				CLANG_ENABLE_MODULES = YES;
				CLANG_ENABLE_OBJC_ARC = YES;
				CLANG_WARN_BOOL_CONVERSION = YES;
				CLANG_WARN_CONSTANT_CONVERSION = YES;
				CLANG_WARN_DIRECT_OBJC_ISA_USAGE = YES_ERROR;
				CLANG_WARN_DOCUMENTATION_COMMENTS = YES;
				CLANG_WARN_EMPTY_BODY = YES;
				CLANG_WARN_ENUM_CONVERSION = YES;
				CLANG_WARN_INFINITE_RECURSION = YES;
				CLANG_WARN_INT_CONVERSION = YES;
				CLANG_WARN_OBJC_ROOT_CLASS = YES_ERROR;
				CLANG_WARN_SUSPICIOUS_MOVE = YES;
				CLANG_WARN_UNREACHABLE_CODE = YES;
				CLANG_WARN__DUPLICATE_METHOD_MATCH = YES;
				"CODE_SIGN_IDENTITY[sdk=iphoneos*]" = "iPhone Developer";
				COPY_PHASE_STRIP = NO;
				DEBUG_INFORMATION_FORMAT = dwarf;
				ENABLE_STRICT_OBJC_MSGSEND = YES;
				ENABLE_TESTABILITY = YES;
				GCC_C_LANGUAGE_STANDARD = gnu99;
				GCC_DYNAMIC_NO_PIC = NO;
				GCC_NO_COMMON_BLOCKS = YES;
				GCC_OPTIMIZATION_LEVEL = 0;
				GCC_PREPROCESSOR_DEFINITIONS = (
					"DEBUG=1",
					"$(inherited)",
				);
				GCC_WARN_64_TO_32_BIT_CONVERSION = YES;
				GCC_WARN_ABOUT_RETURN_TYPE = YES_ERROR;
				GCC_WARN_UNDECLARED_SELECTOR = YES;
				GCC_WARN_UNINITIALIZED_AUTOS = YES_AGGRESSIVE;
				GCC_WARN_UNUSED_FUNCTION = YES;
				GCC_WARN_UNUSED_VARIABLE = YES;
				IPHONEOS_DEPLOYMENT_TARGET = 10.2;
				MTL_ENABLE_DEBUG_INFO = YES;
				ONLY_ACTIVE_ARCH = YES;
				SDKROOT = iphoneos;
				SWIFT_ACTIVE_COMPILATION_CONDITIONS = DEBUG;
				SWIFT_OPTIMIZATION_LEVEL = "-Onone";
			};
			name = Debug;
		};
		22DAD20C1E7B145C00A16FF7 /* Release */ = {
			isa = XCBuildConfiguration;
			buildSettings = {
				ALWAYS_SEARCH_USER_PATHS = NO;
				CLANG_ANALYZER_NONNULL = YES;
				CLANG_CXX_LANGUAGE_STANDARD = "gnu++0x";
				CLANG_CXX_LIBRARY = "libc++";
				CLANG_ENABLE_MODULES = YES;
				CLANG_ENABLE_OBJC_ARC = YES;
				CLANG_WARN_BOOL_CONVERSION = YES;
				CLANG_WARN_CONSTANT_CONVERSION = YES;
				CLANG_WARN_DIRECT_OBJC_ISA_USAGE = YES_ERROR;
				CLANG_WARN_DOCUMENTATION_COMMENTS = YES;
				CLANG_WARN_EMPTY_BODY = YES;
				CLANG_WARN_ENUM_CONVERSION = YES;
				CLANG_WARN_INFINITE_RECURSION = YES;
				CLANG_WARN_INT_CONVERSION = YES;
				CLANG_WARN_OBJC_ROOT_CLASS = YES_ERROR;
				CLANG_WARN_SUSPICIOUS_MOVE = YES;
				CLANG_WARN_UNREACHABLE_CODE = YES;
				CLANG_WARN__DUPLICATE_METHOD_MATCH = YES;
				"CODE_SIGN_IDENTITY[sdk=iphoneos*]" = "iPhone Developer";
				COPY_PHASE_STRIP = NO;
				DEBUG_INFORMATION_FORMAT = "dwarf-with-dsym";
				ENABLE_NS_ASSERTIONS = NO;
				ENABLE_STRICT_OBJC_MSGSEND = YES;
				GCC_C_LANGUAGE_STANDARD = gnu99;
				GCC_NO_COMMON_BLOCKS = YES;
				GCC_WARN_64_TO_32_BIT_CONVERSION = YES;
				GCC_WARN_ABOUT_RETURN_TYPE = YES_ERROR;
				GCC_WARN_UNDECLARED_SELECTOR = YES;
				GCC_WARN_UNINITIALIZED_AUTOS = YES_AGGRESSIVE;
				GCC_WARN_UNUSED_FUNCTION = YES;
				GCC_WARN_UNUSED_VARIABLE = YES;
				IPHONEOS_DEPLOYMENT_TARGET = 10.2;
				MTL_ENABLE_DEBUG_INFO = NO;
				SDKROOT = iphoneos;
				SWIFT_OPTIMIZATION_LEVEL = "-Owholemodule";
				VALIDATE_PRODUCT = YES;
			};
			name = Release;
		};
		22DAD20E1E7B145C00A16FF7 /* Debug */ = {
			isa = XCBuildConfiguration;
			baseConfigurationReference = 6A3CC7F4B9BDD7037B5926FF /* Pods-Weather.debug.xcconfig */;
			buildSettings = {
				ASSETCATALOG_COMPILER_APPICON_NAME = AppIcon;
				DEVELOPMENT_TEAM = 3FMVQ97S47;
				INFOPLIST_FILE = Weather/Info.plist;
				IPHONEOS_DEPLOYMENT_TARGET = 9.0;
				LD_RUNPATH_SEARCH_PATHS = "$(inherited) @executable_path/Frameworks";
				PRODUCT_BUNDLE_IDENTIFIER = kryg.Weather;
				PRODUCT_NAME = "$(TARGET_NAME)";
				SWIFT_VERSION = 3.0;
				TARGETED_DEVICE_FAMILY = "1,2";
			};
			name = Debug;
		};
		22DAD20F1E7B145C00A16FF7 /* Release */ = {
			isa = XCBuildConfiguration;
			baseConfigurationReference = 7CEFC89A05BF92A1DBA98AD6 /* Pods-Weather.release.xcconfig */;
			buildSettings = {
				ASSETCATALOG_COMPILER_APPICON_NAME = AppIcon;
				DEVELOPMENT_TEAM = 3FMVQ97S47;
				INFOPLIST_FILE = Weather/Info.plist;
				IPHONEOS_DEPLOYMENT_TARGET = 9.0;
				LD_RUNPATH_SEARCH_PATHS = "$(inherited) @executable_path/Frameworks";
				PRODUCT_BUNDLE_IDENTIFIER = kryg.Weather;
				PRODUCT_NAME = "$(TARGET_NAME)";
				SWIFT_VERSION = 3.0;
				TARGETED_DEVICE_FAMILY = "1,2";
			};
			name = Release;
		};
		22DAD2111E7B145C00A16FF7 /* Debug */ = {
			isa = XCBuildConfiguration;
			baseConfigurationReference = 2E9DE10585341BBFD09DC1BF /* Pods-WeatherTests.debug.xcconfig */;
			buildSettings = {
				ALWAYS_EMBED_SWIFT_STANDARD_LIBRARIES = YES;
				BUNDLE_LOADER = "$(TEST_HOST)";
				DEVELOPMENT_TEAM = 3FMVQ97S47;
				INFOPLIST_FILE = WeatherTests/Info.plist;
				LD_RUNPATH_SEARCH_PATHS = "$(inherited) @executable_path/Frameworks @loader_path/Frameworks";
				PRODUCT_BUNDLE_IDENTIFIER = kryg.WeatherTests;
				PRODUCT_NAME = "$(TARGET_NAME)";
				SWIFT_VERSION = 3.0;
				TEST_HOST = "$(BUILT_PRODUCTS_DIR)/Weather.app/Weather";
			};
			name = Debug;
		};
		22DAD2121E7B145C00A16FF7 /* Release */ = {
			isa = XCBuildConfiguration;
			baseConfigurationReference = 0E5DB1AA6D77B9414F0C7ED5 /* Pods-WeatherTests.release.xcconfig */;
			buildSettings = {
				ALWAYS_EMBED_SWIFT_STANDARD_LIBRARIES = YES;
				BUNDLE_LOADER = "$(TEST_HOST)";
				DEVELOPMENT_TEAM = 3FMVQ97S47;
				INFOPLIST_FILE = WeatherTests/Info.plist;
				LD_RUNPATH_SEARCH_PATHS = "$(inherited) @executable_path/Frameworks @loader_path/Frameworks";
				PRODUCT_BUNDLE_IDENTIFIER = kryg.WeatherTests;
				PRODUCT_NAME = "$(TARGET_NAME)";
				SWIFT_VERSION = 3.0;
				TEST_HOST = "$(BUILT_PRODUCTS_DIR)/Weather.app/Weather";
			};
			name = Release;
		};
		22DAD2141E7B145C00A16FF7 /* Debug */ = {
			isa = XCBuildConfiguration;
			baseConfigurationReference = 504FECB18839766E6EE2CE88 /* Pods-WeatherUITests.debug.xcconfig */;
			buildSettings = {
				ALWAYS_EMBED_SWIFT_STANDARD_LIBRARIES = YES;
				DEVELOPMENT_TEAM = 3FMVQ97S47;
				INFOPLIST_FILE = WeatherUITests/Info.plist;
				LD_RUNPATH_SEARCH_PATHS = "$(inherited) @executable_path/Frameworks @loader_path/Frameworks";
				PRODUCT_BUNDLE_IDENTIFIER = kryg.WeatherUITests;
				PRODUCT_NAME = "$(TARGET_NAME)";
				SWIFT_VERSION = 3.0;
				TEST_TARGET_NAME = Weather;
			};
			name = Debug;
		};
		22DAD2151E7B145C00A16FF7 /* Release */ = {
			isa = XCBuildConfiguration;
			baseConfigurationReference = 67AA88F8B9034A2E005D8144 /* Pods-WeatherUITests.release.xcconfig */;
			buildSettings = {
				ALWAYS_EMBED_SWIFT_STANDARD_LIBRARIES = YES;
				DEVELOPMENT_TEAM = 3FMVQ97S47;
				INFOPLIST_FILE = WeatherUITests/Info.plist;
				LD_RUNPATH_SEARCH_PATHS = "$(inherited) @executable_path/Frameworks @loader_path/Frameworks";
				PRODUCT_BUNDLE_IDENTIFIER = kryg.WeatherUITests;
				PRODUCT_NAME = "$(TARGET_NAME)";
				SWIFT_VERSION = 3.0;
				TEST_TARGET_NAME = Weather;
			};
			name = Release;
		};
/* End XCBuildConfiguration section */

/* Begin XCConfigurationList section */
		22DAD1DD1E7B145C00A16FF7 /* Build configuration list for PBXProject "Weather" */ = {
			isa = XCConfigurationList;
			buildConfigurations = (
				22DAD20B1E7B145C00A16FF7 /* Debug */,
				22DAD20C1E7B145C00A16FF7 /* Release */,
			);
			defaultConfigurationIsVisible = 0;
			defaultConfigurationName = Release;
		};
		22DAD20D1E7B145C00A16FF7 /* Build configuration list for PBXNativeTarget "Weather" */ = {
			isa = XCConfigurationList;
			buildConfigurations = (
				22DAD20E1E7B145C00A16FF7 /* Debug */,
				22DAD20F1E7B145C00A16FF7 /* Release */,
			);
			defaultConfigurationIsVisible = 0;
			defaultConfigurationName = Release;
		};
		22DAD2101E7B145C00A16FF7 /* Build configuration list for PBXNativeTarget "WeatherTests" */ = {
			isa = XCConfigurationList;
			buildConfigurations = (
				22DAD2111E7B145C00A16FF7 /* Debug */,
				22DAD2121E7B145C00A16FF7 /* Release */,
			);
			defaultConfigurationIsVisible = 0;
			defaultConfigurationName = Release;
		};
		22DAD2131E7B145C00A16FF7 /* Build configuration list for PBXNativeTarget "WeatherUITests" */ = {
			isa = XCConfigurationList;
			buildConfigurations = (
				22DAD2141E7B145C00A16FF7 /* Debug */,
				22DAD2151E7B145C00A16FF7 /* Release */,
			);
			defaultConfigurationIsVisible = 0;
			defaultConfigurationName = Release;
		};
/* End XCConfigurationList section */

/* Begin XCVersionGroup section */
		22DAD1EC1E7B145C00A16FF7 /* Weather.xcdatamodeld */ = {
			isa = XCVersionGroup;
			children = (
				22DAD1ED1E7B145C00A16FF7 /* Weather.xcdatamodel */,
			);
			currentVersion = 22DAD1ED1E7B145C00A16FF7 /* Weather.xcdatamodel */;
			path = Weather.xcdatamodeld;
			sourceTree = "<group>";
			versionGroupType = wrapper.xcdatamodel;
		};
/* End XCVersionGroup section */
	};
	rootObject = 22DAD1DA1E7B145C00A16FF7 /* Project object */;
}
